// !$*UTF8*$!
{
	archiveVersion = 1;
	classes = {
	};
	objectVersion = 56;
	objects = {

/* Begin PBXBuildFile section */
		896550382B2DEBCA00A04981 /* RMOrigin.swift in Sources */ = {isa = PBXBuildFile; fileRef = 896550372B2DEBCA00A04981 /* RMOrigin.swift */; };
		8965503A2B2DEC9C00A04981 /* RMSingleLocation.swift in Sources */ = {isa = PBXBuildFile; fileRef = 896550392B2DEC9C00A04981 /* RMSingleLocation.swift */; };
		89F1847F2B25DEFF00398270 /* AppDelegate.swift in Sources */ = {isa = PBXBuildFile; fileRef = 89F1847E2B25DEFF00398270 /* AppDelegate.swift */; };
		89F184812B25DEFF00398270 /* SceneDelegate.swift in Sources */ = {isa = PBXBuildFile; fileRef = 89F184802B25DEFF00398270 /* SceneDelegate.swift */; };
		89F184832B25DEFF00398270 /* RMTabViewController.swift in Sources */ = {isa = PBXBuildFile; fileRef = 89F184822B25DEFF00398270 /* RMTabViewController.swift */; };
		89F184882B25DEFF00398270 /* Assets.xcassets in Resources */ = {isa = PBXBuildFile; fileRef = 89F184872B25DEFF00398270 /* Assets.xcassets */; };
		89F1849E2B25E34B00398270 /* RMCharacter.swift in Sources */ = {isa = PBXBuildFile; fileRef = 89F1849D2B25E34B00398270 /* RMCharacter.swift */; };
		89F184A02B25E35B00398270 /* RMLocation.swift in Sources */ = {isa = PBXBuildFile; fileRef = 89F1849F2B25E35B00398270 /* RMLocation.swift */; };
		89F184A22B25E37200398270 /* RMEpisode.swift in Sources */ = {isa = PBXBuildFile; fileRef = 89F184A12B25E37200398270 /* RMEpisode.swift */; };
		89F184A52B26020D00398270 /* RMEpisodeViewController.swift in Sources */ = {isa = PBXBuildFile; fileRef = 89F184A42B26020D00398270 /* RMEpisodeViewController.swift */; };
		89F184A72B26027C00398270 /* RMCharacterViewController.swift in Sources */ = {isa = PBXBuildFile; fileRef = 89F184A62B26027C00398270 /* RMCharacterViewController.swift */; };
		89F184A92B2602A200398270 /* RMLocationViewController.swift in Sources */ = {isa = PBXBuildFile; fileRef = 89F184A82B2602A200398270 /* RMLocationViewController.swift */; };
		89F184AB2B2602B500398270 /* RMSettingsViewController.swift in Sources */ = {isa = PBXBuildFile; fileRef = 89F184AA2B2602B500398270 /* RMSettingsViewController.swift */; };
		89F184AD2B26691600398270 /* RMService.swift in Sources */ = {isa = PBXBuildFile; fileRef = 89F184AC2B26691600398270 /* RMService.swift */; };
		89F184AF2B26693F00398270 /* RMRequest.swift in Sources */ = {isa = PBXBuildFile; fileRef = 89F184AE2B26693E00398270 /* RMRequest.swift */; };
		89F184B12B266A0E00398270 /* RMEndpoint.swift in Sources */ = {isa = PBXBuildFile; fileRef = 89F184B02B266A0E00398270 /* RMEndpoint.swift */; };
/* End PBXBuildFile section */

/* Begin PBXFileReference section */
		896550372B2DEBCA00A04981 /* RMOrigin.swift */ = {isa = PBXFileReference; lastKnownFileType = sourcecode.swift; path = RMOrigin.swift; sourceTree = "<group>"; };
		896550392B2DEC9C00A04981 /* RMSingleLocation.swift */ = {isa = PBXFileReference; lastKnownFileType = sourcecode.swift; path = RMSingleLocation.swift; sourceTree = "<group>"; };
		89F1847B2B25DEFF00398270 /* RickAndMorty.app */ = {isa = PBXFileReference; explicitFileType = wrapper.application; includeInIndex = 0; path = RickAndMorty.app; sourceTree = BUILT_PRODUCTS_DIR; };
		89F1847E2B25DEFF00398270 /* AppDelegate.swift */ = {isa = PBXFileReference; lastKnownFileType = sourcecode.swift; path = AppDelegate.swift; sourceTree = "<group>"; };
		89F184802B25DEFF00398270 /* SceneDelegate.swift */ = {isa = PBXFileReference; lastKnownFileType = sourcecode.swift; path = SceneDelegate.swift; sourceTree = "<group>"; };
		89F184822B25DEFF00398270 /* RMTabViewController.swift */ = {isa = PBXFileReference; lastKnownFileType = sourcecode.swift; path = RMTabViewController.swift; sourceTree = "<group>"; };
		89F184872B25DEFF00398270 /* Assets.xcassets */ = {isa = PBXFileReference; lastKnownFileType = folder.assetcatalog; path = Assets.xcassets; sourceTree = "<group>"; };
		89F1848C2B25DEFF00398270 /* Info.plist */ = {isa = PBXFileReference; lastKnownFileType = text.plist.xml; path = Info.plist; sourceTree = "<group>"; };
		89F1849D2B25E34B00398270 /* RMCharacter.swift */ = {isa = PBXFileReference; lastKnownFileType = sourcecode.swift; path = RMCharacter.swift; sourceTree = "<group>"; };
		89F1849F2B25E35B00398270 /* RMLocation.swift */ = {isa = PBXFileReference; lastKnownFileType = sourcecode.swift; path = RMLocation.swift; sourceTree = "<group>"; };
		89F184A12B25E37200398270 /* RMEpisode.swift */ = {isa = PBXFileReference; lastKnownFileType = sourcecode.swift; path = RMEpisode.swift; sourceTree = "<group>"; };
		89F184A42B26020D00398270 /* RMEpisodeViewController.swift */ = {isa = PBXFileReference; lastKnownFileType = sourcecode.swift; path = RMEpisodeViewController.swift; sourceTree = "<group>"; };
		89F184A62B26027C00398270 /* RMCharacterViewController.swift */ = {isa = PBXFileReference; lastKnownFileType = sourcecode.swift; path = RMCharacterViewController.swift; sourceTree = "<group>"; };
		89F184A82B2602A200398270 /* RMLocationViewController.swift */ = {isa = PBXFileReference; lastKnownFileType = sourcecode.swift; path = RMLocationViewController.swift; sourceTree = "<group>"; };
		89F184AA2B2602B500398270 /* RMSettingsViewController.swift */ = {isa = PBXFileReference; lastKnownFileType = sourcecode.swift; path = RMSettingsViewController.swift; sourceTree = "<group>"; };
		89F184AC2B26691600398270 /* RMService.swift */ = {isa = PBXFileReference; lastKnownFileType = sourcecode.swift; path = RMService.swift; sourceTree = "<group>"; };
		89F184AE2B26693E00398270 /* RMRequest.swift */ = {isa = PBXFileReference; lastKnownFileType = sourcecode.swift; path = RMRequest.swift; sourceTree = "<group>"; };
		89F184B02B266A0E00398270 /* RMEndpoint.swift */ = {isa = PBXFileReference; lastKnownFileType = sourcecode.swift; path = RMEndpoint.swift; sourceTree = "<group>"; };
/* End PBXFileReference section */

/* Begin PBXFrameworksBuildPhase section */
		89F184782B25DEFF00398270 /* Frameworks */ = {
			isa = PBXFrameworksBuildPhase;
			buildActionMask = 2147483647;
			files = (
			);
			runOnlyForDeploymentPostprocessing = 0;
		};
/* End PBXFrameworksBuildPhase section */

/* Begin PBXGroup section */
		89F184722B25DEFE00398270 = {
			isa = PBXGroup;
			children = (
				89F1847D2B25DEFF00398270 /* RickAndMorty */,
				89F1847C2B25DEFF00398270 /* Products */,
			);
			sourceTree = "<group>";
		};
		89F1847C2B25DEFF00398270 /* Products */ = {
			isa = PBXGroup;
			children = (
				89F1847B2B25DEFF00398270 /* RickAndMorty.app */,
			);
			name = Products;
			sourceTree = "<group>";
		};
		89F1847D2B25DEFF00398270 /* RickAndMorty */ = {
			isa = PBXGroup;
			children = (
				89F1849C2B25E26400398270 /* Managers */,
				89F1849B2B25E25C00398270 /* Resources */,
				89F1849A2B25E24800398270 /* APIClient */,
				89F184992B25E23200398270 /* ViewModels */,
				89F184982B25E22A00398270 /* Views */,
				89F184972B25E22000398270 /* Models */,
				89F184962B25E21700398270 /* Controllers */,
				89F1848C2B25DEFF00398270 /* Info.plist */,
			);
			path = RickAndMorty;
			sourceTree = "<group>";
		};
		89F184962B25E21700398270 /* Controllers */ = {
			isa = PBXGroup;
			children = (
				89F184A32B25E41F00398270 /* Core */,
			);
			path = Controllers;
			sourceTree = "<group>";
		};
		89F184972B25E22000398270 /* Models */ = {
			isa = PBXGroup;
			children = (
				89F1849D2B25E34B00398270 /* RMCharacter.swift */,
				89F1849F2B25E35B00398270 /* RMLocation.swift */,
				89F184A12B25E37200398270 /* RMEpisode.swift */,
				896550372B2DEBCA00A04981 /* RMOrigin.swift */,
				896550392B2DEC9C00A04981 /* RMSingleLocation.swift */,
			);
			path = Models;
			sourceTree = "<group>";
		};
		89F184982B25E22A00398270 /* Views */ = {
			isa = PBXGroup;
			children = (
			);
			path = Views;
			sourceTree = "<group>";
		};
		89F184992B25E23200398270 /* ViewModels */ = {
			isa = PBXGroup;
			children = (
			);
			path = ViewModels;
			sourceTree = "<group>";
		};
		89F1849A2B25E24800398270 /* APIClient */ = {
			isa = PBXGroup;
			children = (
				89F184AC2B26691600398270 /* RMService.swift */,
				89F184AE2B26693E00398270 /* RMRequest.swift */,
				89F184B02B266A0E00398270 /* RMEndpoint.swift */,
			);
			path = APIClient;
			sourceTree = "<group>";
		};
		89F1849B2B25E25C00398270 /* Resources */ = {
			isa = PBXGroup;
			children = (
				89F184872B25DEFF00398270 /* Assets.xcassets */,
				89F1847E2B25DEFF00398270 /* AppDelegate.swift */,
				89F184802B25DEFF00398270 /* SceneDelegate.swift */,
			);
			path = Resources;
			sourceTree = "<group>";
		};
		89F1849C2B25E26400398270 /* Managers */ = {
			isa = PBXGroup;
			children = (
			);
			path = Managers;
			sourceTree = "<group>";
		};
		89F184A32B25E41F00398270 /* Core */ = {
			isa = PBXGroup;
			children = (
				89F184822B25DEFF00398270 /* RMTabViewController.swift */,
				89F184A42B26020D00398270 /* RMEpisodeViewController.swift */,
				89F184A62B26027C00398270 /* RMCharacterViewController.swift */,
				89F184A82B2602A200398270 /* RMLocationViewController.swift */,
				89F184AA2B2602B500398270 /* RMSettingsViewController.swift */,
			);
			path = Core;
			sourceTree = "<group>";
		};
/* End PBXGroup section */

/* Begin PBXNativeTarget section */
		89F1847A2B25DEFF00398270 /* RickAndMorty */ = {
			isa = PBXNativeTarget;
			buildConfigurationList = 89F1848F2B25DEFF00398270 /* Build configuration list for PBXNativeTarget "RickAndMorty" */;
			buildPhases = (
				89F184772B25DEFF00398270 /* Sources */,
				89F184782B25DEFF00398270 /* Frameworks */,
				89F184792B25DEFF00398270 /* Resources */,
			);
			buildRules = (
			);
			dependencies = (
			);
			name = RickAndMorty;
			productName = RickAndMorty;
			productReference = 89F1847B2B25DEFF00398270 /* RickAndMorty.app */;
			productType = "com.apple.product-type.application";
		};
/* End PBXNativeTarget section */

/* Begin PBXProject section */
		89F184732B25DEFE00398270 /* Project object */ = {
			isa = PBXProject;
			attributes = {
				BuildIndependentTargetsInParallel = 1;
				LastSwiftUpdateCheck = 1500;
				LastUpgradeCheck = 1500;
				TargetAttributes = {
					89F1847A2B25DEFF00398270 = {
						CreatedOnToolsVersion = 15.0.1;
					};
				};
			};
			buildConfigurationList = 89F184762B25DEFE00398270 /* Build configuration list for PBXProject "RickAndMorty" */;
			compatibilityVersion = "Xcode 14.0";
			developmentRegion = en;
			hasScannedForEncodings = 0;
			knownRegions = (
				en,
				Base,
			);
			mainGroup = 89F184722B25DEFE00398270;
			productRefGroup = 89F1847C2B25DEFF00398270 /* Products */;
			projectDirPath = "";
			projectRoot = "";
			targets = (
				89F1847A2B25DEFF00398270 /* RickAndMorty */,
			);
		};
/* End PBXProject section */

/* Begin PBXResourcesBuildPhase section */
		89F184792B25DEFF00398270 /* Resources */ = {
			isa = PBXResourcesBuildPhase;
			buildActionMask = 2147483647;
			files = (
				89F184882B25DEFF00398270 /* Assets.xcassets in Resources */,
			);
			runOnlyForDeploymentPostprocessing = 0;
		};
/* End PBXResourcesBuildPhase section */

/* Begin PBXSourcesBuildPhase section */
		89F184772B25DEFF00398270 /* Sources */ = {
			isa = PBXSourcesBuildPhase;
			buildActionMask = 2147483647;
			files = (
				896550382B2DEBCA00A04981 /* RMOrigin.swift in Sources */,
				8965503A2B2DEC9C00A04981 /* RMSingleLocation.swift in Sources */,
				89F184A92B2602A200398270 /* RMLocationViewController.swift in Sources */,
				89F184A22B25E37200398270 /* RMEpisode.swift in Sources */,
				89F184A52B26020D00398270 /* RMEpisodeViewController.swift in Sources */,
				89F1849E2B25E34B00398270 /* RMCharacter.swift in Sources */,
				89F184832B25DEFF00398270 /* RMTabViewController.swift in Sources */,
				89F184A02B25E35B00398270 /* RMLocation.swift in Sources */,
				89F184AB2B2602B500398270 /* RMSettingsViewController.swift in Sources */,
				89F184AD2B26691600398270 /* RMService.swift in Sources */,
				89F184A72B26027C00398270 /* RMCharacterViewController.swift in Sources */,
				89F184B12B266A0E00398270 /* RMEndpoint.swift in Sources */,
				89F1847F2B25DEFF00398270 /* AppDelegate.swift in Sources */,
				89F184AF2B26693F00398270 /* RMRequest.swift in Sources */,
				89F184812B25DEFF00398270 /* SceneDelegate.swift in Sources */,
			);
			runOnlyForDeploymentPostprocessing = 0;
		};
/* End PBXSourcesBuildPhase section */

/* Begin XCBuildConfiguration section */
		89F1848D2B25DEFF00398270 /* Debug */ = {
			isa = XCBuildConfiguration;
			buildSettings = {
				ALWAYS_SEARCH_USER_PATHS = NO;
				ASSETCATALOG_COMPILER_GENERATE_SWIFT_ASSET_SYMBOL_EXTENSIONS = YES;
				CLANG_ANALYZER_NONNULL = YES;
				CLANG_ANALYZER_NUMBER_OBJECT_CONVERSION = YES_AGGRESSIVE;
				CLANG_CXX_LANGUAGE_STANDARD = "gnu++20";
				CLANG_ENABLE_MODULES = YES;
				CLANG_ENABLE_OBJC_ARC = YES;
				CLANG_ENABLE_OBJC_WEAK = YES;
				CLANG_WARN_BLOCK_CAPTURE_AUTORELEASING = YES;
				CLANG_WARN_BOOL_CONVERSION = YES;
				CLANG_WARN_COMMA = YES;
				CLANG_WARN_CONSTANT_CONVERSION = YES;
				CLANG_WARN_DEPRECATED_OBJC_IMPLEMENTATIONS = YES;
				CLANG_WARN_DIRECT_OBJC_ISA_USAGE = YES_ERROR;
				CLANG_WARN_DOCUMENTATION_COMMENTS = YES;
				CLANG_WARN_EMPTY_BODY = YES;
				CLANG_WARN_ENUM_CONVERSION = YES;
				CLANG_WARN_INFINITE_RECURSION = YES;
				CLANG_WARN_INT_CONVERSION = YES;
				CLANG_WARN_NON_LITERAL_NULL_CONVERSION = YES;
				CLANG_WARN_OBJC_IMPLICIT_RETAIN_SELF = YES;
				CLANG_WARN_OBJC_LITERAL_CONVERSION = YES;
				CLANG_WARN_OBJC_ROOT_CLASS = YES_ERROR;
				CLANG_WARN_QUOTED_INCLUDE_IN_FRAMEWORK_HEADER = YES;
				CLANG_WARN_RANGE_LOOP_ANALYSIS = YES;
				CLANG_WARN_STRICT_PROTOTYPES = YES;
				CLANG_WARN_SUSPICIOUS_MOVE = YES;
				CLANG_WARN_UNGUARDED_AVAILABILITY = YES_AGGRESSIVE;
				CLANG_WARN_UNREACHABLE_CODE = YES;
				CLANG_WARN__DUPLICATE_METHOD_MATCH = YES;
				COPY_PHASE_STRIP = NO;
				DEBUG_INFORMATION_FORMAT = dwarf;
				ENABLE_STRICT_OBJC_MSGSEND = YES;
				ENABLE_TESTABILITY = YES;
				ENABLE_USER_SCRIPT_SANDBOXING = YES;
				GCC_C_LANGUAGE_STANDARD = gnu17;
				GCC_DYNAMIC_NO_PIC = NO;
				GCC_NO_COMMON_BLOCKS = YES;
				GCC_OPTIMIZATION_LEVEL = 0;
				GCC_PREPROCESSOR_DEFINITIONS = (
					"DEBUG=1",
					"$(inherited)",
				);
				GCC_WARN_64_TO_32_BIT_CONVERSION = YES;
				GCC_WARN_ABOUT_RETURN_TYPE = YES_ERROR;
				GCC_WARN_UNDECLARED_SELECTOR = YES;
				GCC_WARN_UNINITIALIZED_AUTOS = YES_AGGRESSIVE;
				GCC_WARN_UNUSED_FUNCTION = YES;
				GCC_WARN_UNUSED_VARIABLE = YES;
				IPHONEOS_DEPLOYMENT_TARGET = 17.0;
				LOCALIZATION_PREFERS_STRING_CATALOGS = YES;
				MTL_ENABLE_DEBUG_INFO = INCLUDE_SOURCE;
				MTL_FAST_MATH = YES;
				ONLY_ACTIVE_ARCH = YES;
				SDKROOT = iphoneos;
				SWIFT_ACTIVE_COMPILATION_CONDITIONS = "DEBUG $(inherited)";
				SWIFT_OPTIMIZATION_LEVEL = "-Onone";
			};
			name = Debug;
		};
		89F1848E2B25DEFF00398270 /* Release */ = {
			isa = XCBuildConfiguration;
			buildSettings = {
				ALWAYS_SEARCH_USER_PATHS = NO;
				ASSETCATALOG_COMPILER_GENERATE_SWIFT_ASSET_SYMBOL_EXTENSIONS = YES;
				CLANG_ANALYZER_NONNULL = YES;
				CLANG_ANALYZER_NUMBER_OBJECT_CONVERSION = YES_AGGRESSIVE;
				CLANG_CXX_LANGUAGE_STANDARD = "gnu++20";
				CLANG_ENABLE_MODULES = YES;
				CLANG_ENABLE_OBJC_ARC = YES;
				CLANG_ENABLE_OBJC_WEAK = YES;
				CLANG_WARN_BLOCK_CAPTURE_AUTORELEASING = YES;
				CLANG_WARN_BOOL_CONVERSION = YES;
				CLANG_WARN_COMMA = YES;
				CLANG_WARN_CONSTANT_CONVERSION = YES;
				CLANG_WARN_DEPRECATED_OBJC_IMPLEMENTATIONS = YES;
				CLANG_WARN_DIRECT_OBJC_ISA_USAGE = YES_ERROR;
				CLANG_WARN_DOCUMENTATION_COMMENTS = YES;
				CLANG_WARN_EMPTY_BODY = YES;
				CLANG_WARN_ENUM_CONVERSION = YES;
				CLANG_WARN_INFINITE_RECURSION = YES;
				CLANG_WARN_INT_CONVERSION = YES;
				CLANG_WARN_NON_LITERAL_NULL_CONVERSION = YES;
				CLANG_WARN_OBJC_IMPLICIT_RETAIN_SELF = YES;
				CLANG_WARN_OBJC_LITERAL_CONVERSION = YES;
				CLANG_WARN_OBJC_ROOT_CLASS = YES_ERROR;
				CLANG_WARN_QUOTED_INCLUDE_IN_FRAMEWORK_HEADER = YES;
				CLANG_WARN_RANGE_LOOP_ANALYSIS = YES;
				CLANG_WARN_STRICT_PROTOTYPES = YES;
				CLANG_WARN_SUSPICIOUS_MOVE = YES;
				CLANG_WARN_UNGUARDED_AVAILABILITY = YES_AGGRESSIVE;
				CLANG_WARN_UNREACHABLE_CODE = YES;
				CLANG_WARN__DUPLICATE_METHOD_MATCH = YES;
				COPY_PHASE_STRIP = NO;
				DEBUG_INFORMATION_FORMAT = "dwarf-with-dsym";
				ENABLE_NS_ASSERTIONS = NO;
				ENABLE_STRICT_OBJC_MSGSEND = YES;
				ENABLE_USER_SCRIPT_SANDBOXING = YES;
				GCC_C_LANGUAGE_STANDARD = gnu17;
				GCC_NO_COMMON_BLOCKS = YES;
				GCC_WARN_64_TO_32_BIT_CONVERSION = YES;
				GCC_WARN_ABOUT_RETURN_TYPE = YES_ERROR;
				GCC_WARN_UNDECLARED_SELECTOR = YES;
				GCC_WARN_UNINITIALIZED_AUTOS = YES_AGGRESSIVE;
				GCC_WARN_UNUSED_FUNCTION = YES;
				GCC_WARN_UNUSED_VARIABLE = YES;
				IPHONEOS_DEPLOYMENT_TARGET = 17.0;
				LOCALIZATION_PREFERS_STRING_CATALOGS = YES;
				MTL_ENABLE_DEBUG_INFO = NO;
				MTL_FAST_MATH = YES;
				SDKROOT = iphoneos;
				SWIFT_COMPILATION_MODE = wholemodule;
				VALIDATE_PRODUCT = YES;
			};
			name = Release;
		};
		89F184902B25DEFF00398270 /* Debug */ = {
			isa = XCBuildConfiguration;
			buildSettings = {
				ASSETCATALOG_COMPILER_APPICON_NAME = AppIcon;
				ASSETCATALOG_COMPILER_GLOBAL_ACCENT_COLOR_NAME = AccentColor;
				CODE_SIGN_STYLE = Automatic;
				CURRENT_PROJECT_VERSION = 1;
				DEVELOPMENT_TEAM = 4AQW2B732S;
				GENERATE_INFOPLIST_FILE = YES;
				INFOPLIST_FILE = RickAndMorty/Info.plist;
				INFOPLIST_KEY_UIApplicationSupportsIndirectInputEvents = YES;
				INFOPLIST_KEY_UILaunchStoryboardName = LaunchScreen;
				INFOPLIST_KEY_UISupportedInterfaceOrientations_iPad = "UIInterfaceOrientationPortrait UIInterfaceOrientationPortraitUpsideDown UIInterfaceOrientationLandscapeLeft UIInterfaceOrientationLandscapeRight";
				INFOPLIST_KEY_UISupportedInterfaceOrientations_iPhone = "UIInterfaceOrientationPortrait UIInterfaceOrientationLandscapeLeft UIInterfaceOrientationLandscapeRight";
				LD_RUNPATH_SEARCH_PATHS = (
					"$(inherited)",
					"@executable_path/Frameworks",
				);
				MARKETING_VERSION = 1.0;
				PRODUCT_BUNDLE_IDENTIFIER = com.app.RickAndMorty;
				PRODUCT_NAME = "$(TARGET_NAME)";
				SWIFT_EMIT_LOC_STRINGS = YES;
				SWIFT_VERSION = 5.0;
				TARGETED_DEVICE_FAMILY = "1,2";
			};
			name = Debug;
		};
		89F184912B25DEFF00398270 /* Release */ = {
			isa = XCBuildConfiguration;
			buildSettings = {
				ASSETCATALOG_COMPILER_APPICON_NAME = AppIcon;
				ASSETCATALOG_COMPILER_GLOBAL_ACCENT_COLOR_NAME = AccentColor;
				CODE_SIGN_STYLE = Automatic;
				CURRENT_PROJECT_VERSION = 1;
				DEVELOPMENT_TEAM = 4AQW2B732S;
				GENERATE_INFOPLIST_FILE = YES;
				INFOPLIST_FILE = RickAndMorty/Info.plist;
				INFOPLIST_KEY_UIApplicationSupportsIndirectInputEvents = YES;
				INFOPLIST_KEY_UILaunchStoryboardName = LaunchScreen;
				INFOPLIST_KEY_UISupportedInterfaceOrientations_iPad = "UIInterfaceOrientationPortrait UIInterfaceOrientationPortraitUpsideDown UIInterfaceOrientationLandscapeLeft UIInterfaceOrientationLandscapeRight";
				INFOPLIST_KEY_UISupportedInterfaceOrientations_iPhone = "UIInterfaceOrientationPortrait UIInterfaceOrientationLandscapeLeft UIInterfaceOrientationLandscapeRight";
				LD_RUNPATH_SEARCH_PATHS = (
					"$(inherited)",
					"@executable_path/Frameworks",
				);
				MARKETING_VERSION = 1.0;
				PRODUCT_BUNDLE_IDENTIFIER = com.app.RickAndMorty;
				PRODUCT_NAME = "$(TARGET_NAME)";
				SWIFT_EMIT_LOC_STRINGS = YES;
				SWIFT_VERSION = 5.0;
				TARGETED_DEVICE_FAMILY = "1,2";
			};
			name = Release;
		};
/* End XCBuildConfiguration section */

/* Begin XCConfigurationList section */
		89F184762B25DEFE00398270 /* Build configuration list for PBXProject "RickAndMorty" */ = {
			isa = XCConfigurationList;
			buildConfigurations = (
				89F1848D2B25DEFF00398270 /* Debug */,
				89F1848E2B25DEFF00398270 /* Release */,
			);
			defaultConfigurationIsVisible = 0;
			defaultConfigurationName = Release;
		};
		89F1848F2B25DEFF00398270 /* Build configuration list for PBXNativeTarget "RickAndMorty" */ = {
			isa = XCConfigurationList;
			buildConfigurations = (
				89F184902B25DEFF00398270 /* Debug */,
				89F184912B25DEFF00398270 /* Release */,
			);
			defaultConfigurationIsVisible = 0;
			defaultConfigurationName = Release;
		};
/* End XCConfigurationList section */
	};
	rootObject = 89F184732B25DEFE00398270 /* Project object */;
}
